
Microsoft Visual Studio Solution File, Format Version 12.00
# Visual Studio 15
VisualStudioVersion = 15.0.27004.2005
MinimumVisualStudioVersion = 10.0.40219.1
Project("{FAE04EC0-301F-11D3-BF4B-00C04F79EFBC}") = "XamarinMVVMLogin.Android", "XamarinMVVMLogin\XamarinMVVMLogin.Android\XamarinMVVMLogin.Android.csproj", "{DC154347-7F24-41E3-921C-EF15B526FC21}"
EndProject
Project("{FAE04EC0-301F-11D3-BF4B-00C04F79EFBC}") = "XamarinMVVMLogin", "XamarinMVVMLogin\XamarinMVVMLogin\XamarinMVVMLogin.csproj", "{E6C1EA4A-1EF5-4976-BD61-50E366DB3C24}"
EndProject
Project("{FAE04EC0-301F-11D3-BF4B-00C04F79EFBC}") = "XamarinMVVMLogin.UWP", "XamarinMVVMLogin\XamarinMVVMLogin.UWP\XamarinMVVMLogin.UWP.csproj", "{37F3BDD0-F052-4F0E-8E14-BBA7A52907CF}"
EndProject
Project("{FAE04EC0-301F-11D3-BF4B-00C04F79EFBC}") = "XamarinMVVMLogin.iOS", "XamarinMVVMLogin\XamarinMVVMLogin.iOS\XamarinMVVMLogin.iOS.csproj", "{E8BA1BCB-6F12-42EA-8DE1-0BA67E8E5627}"
EndProject
Global
	GlobalSection(SolutionConfigurationPlatforms) = preSolution
		Ad-Hoc|Any CPU = Ad-Hoc|Any CPU
		Ad-Hoc|ARM = Ad-Hoc|ARM
		Ad-Hoc|iPhone = Ad-Hoc|iPhone
		Ad-Hoc|iPhoneSimulator = Ad-Hoc|iPhoneSimulator
		Ad-Hoc|x64 = Ad-Hoc|x64
		Ad-Hoc|x86 = Ad-Hoc|x86
		AppStore|Any CPU = AppStore|Any CPU
		AppStore|ARM = AppStore|ARM
		AppStore|iPhone = AppStore|iPhone
		AppStore|iPhoneSimulator = AppStore|iPhoneSimulator
		AppStore|x64 = AppStore|x64
		AppStore|x86 = AppStore|x86
		Debug|Any CPU = Debug|Any CPU
		Debug|ARM = Debug|ARM
		Debug|iPhone = Debug|iPhone
		Debug|iPhoneSimulator = Debug|iPhoneSimulator
		Debug|x64 = Debug|x64
		Debug|x86 = Debug|x86
		Release|Any CPU = Release|Any CPU
		Release|ARM = Release|ARM
		Release|iPhone = Release|iPhone
		Release|iPhoneSimulator = Release|iPhoneSimulator
		Release|x64 = Release|x64
		Release|x86 = Release|x86
	EndGlobalSection
	GlobalSection(ProjectConfigurationPlatforms) = postSolution
		{DC154347-7F24-41E3-921C-EF15B526FC21}.Ad-Hoc|Any CPU.ActiveCfg = Release|Any CPU
		{DC154347-7F24-41E3-921C-EF15B526FC21}.Ad-Hoc|Any CPU.Build.0 = Release|Any CPU
		{DC154347-7F24-41E3-921C-EF15B526FC21}.Ad-Hoc|Any CPU.Deploy.0 = Release|Any CPU
		{DC154347-7F24-41E3-921C-EF15B526FC21}.Ad-Hoc|ARM.ActiveCfg = Release|Any CPU
		{DC154347-7F24-41E3-921C-EF15B526FC21}.Ad-Hoc|ARM.Build.0 = Release|Any CPU
		{DC154347-7F24-41E3-921C-EF15B526FC21}.Ad-Hoc|ARM.Deploy.0 = Release|Any CPU
		{DC154347-7F24-41E3-921C-EF15B526FC21}.Ad-Hoc|iPhone.ActiveCfg = Release|Any CPU
		{DC154347-7F24-41E3-921C-EF15B526FC21}.Ad-Hoc|iPhone.Build.0 = Release|Any CPU
		{DC154347-7F24-41E3-921C-EF15B526FC21}.Ad-Hoc|iPhone.Deploy.0 = Release|Any CPU
		{DC154347-7F24-41E3-921C-EF15B526FC21}.Ad-Hoc|iPhoneSimulator.ActiveCfg = Release|Any CPU
		{DC154347-7F24-41E3-921C-EF15B526FC21}.Ad-Hoc|iPhoneSimulator.Build.0 = Release|Any CPU
		{DC154347-7F24-41E3-921C-EF15B526FC21}.Ad-Hoc|iPhoneSimulator.Deploy.0 = Release|Any CPU
		{DC154347-7F24-41E3-921C-EF15B526FC21}.Ad-Hoc|x64.ActiveCfg = Release|Any CPU
		{DC154347-7F24-41E3-921C-EF15B526FC21}.Ad-Hoc|x64.Build.0 = Release|Any CPU
		{DC154347-7F24-41E3-921C-EF15B526FC21}.Ad-Hoc|x64.Deploy.0 = Release|Any CPU
		{DC154347-7F24-41E3-921C-EF15B526FC21}.Ad-Hoc|x86.ActiveCfg = Release|Any CPU
		{DC154347-7F24-41E3-921C-EF15B526FC21}.Ad-Hoc|x86.Build.0 = Release|Any CPU
		{DC154347-7F24-41E3-921C-EF15B526FC21}.Ad-Hoc|x86.Deploy.0 = Release|Any CPU
		{DC154347-7F24-41E3-921C-EF15B526FC21}.AppStore|Any CPU.ActiveCfg = Release|Any CPU
		{DC154347-7F24-41E3-921C-EF15B526FC21}.AppStore|Any CPU.Build.0 = Release|Any CPU
		{DC154347-7F24-41E3-921C-EF15B526FC21}.AppStore|Any CPU.Deploy.0 = Release|Any CPU
		{DC154347-7F24-41E3-921C-EF15B526FC21}.AppStore|ARM.ActiveCfg = Release|Any CPU
		{DC154347-7F24-41E3-921C-EF15B526FC21}.AppStore|ARM.Build.0 = Release|Any CPU
		{DC154347-7F24-41E3-921C-EF15B526FC21}.AppStore|ARM.Deploy.0 = Release|Any CPU
		{DC154347-7F24-41E3-921C-EF15B526FC21}.AppStore|iPhone.ActiveCfg = Release|Any CPU
		{DC154347-7F24-41E3-921C-EF15B526FC21}.AppStore|iPhone.Build.0 = Release|Any CPU
		{DC154347-7F24-41E3-921C-EF15B526FC21}.AppStore|iPhone.Deploy.0 = Release|Any CPU
		{DC154347-7F24-41E3-921C-EF15B526FC21}.AppStore|iPhoneSimulator.ActiveCfg = Release|Any CPU
		{DC154347-7F24-41E3-921C-EF15B526FC21}.AppStore|iPhoneSimulator.Build.0 = Release|Any CPU
		{DC154347-7F24-41E3-921C-EF15B526FC21}.AppStore|iPhoneSimulator.Deploy.0 = Release|Any CPU
		{DC154347-7F24-41E3-921C-EF15B526FC21}.AppStore|x64.ActiveCfg = Release|Any CPU
		{DC154347-7F24-41E3-921C-EF15B526FC21}.AppStore|x64.Build.0 = Release|Any CPU
		{DC154347-7F24-41E3-921C-EF15B526FC21}.AppStore|x64.Deploy.0 = Release|Any CPU
		{DC154347-7F24-41E3-921C-EF15B526FC21}.AppStore|x86.ActiveCfg = Release|Any CPU
		{DC154347-7F24-41E3-921C-EF15B526FC21}.AppStore|x86.Build.0 = Release|Any CPU
		{DC154347-7F24-41E3-921C-EF15B526FC21}.AppStore|x86.Deploy.0 = Release|Any CPU
		{DC154347-7F24-41E3-921C-EF15B526FC21}.Debug|Any CPU.ActiveCfg = Debug|Any CPU
		{DC154347-7F24-41E3-921C-EF15B526FC21}.Debug|Any CPU.Build.0 = Debug|Any CPU
		{DC154347-7F24-41E3-921C-EF15B526FC21}.Debug|Any CPU.Deploy.0 = Debug|Any CPU
		{DC154347-7F24-41E3-921C-EF15B526FC21}.Debug|ARM.ActiveCfg = Debug|Any CPU
		{DC154347-7F24-41E3-921C-EF15B526FC21}.Debug|ARM.Build.0 = Debug|Any CPU
		{DC154347-7F24-41E3-921C-EF15B526FC21}.Debug|ARM.Deploy.0 = Debug|Any CPU
		{DC154347-7F24-41E3-921C-EF15B526FC21}.Debug|iPhone.ActiveCfg = Debug|Any CPU
		{DC154347-7F24-41E3-921C-EF15B526FC21}.Debug|iPhone.Build.0 = Debug|Any CPU
		{DC154347-7F24-41E3-921C-EF15B526FC21}.Debug|iPhone.Deploy.0 = Debug|Any CPU
		{DC154347-7F24-41E3-921C-EF15B526FC21}.Debug|iPhoneSimulator.ActiveCfg = Debug|Any CPU
		{DC154347-7F24-41E3-921C-EF15B526FC21}.Debug|iPhoneSimulator.Build.0 = Debug|Any CPU
		{DC154347-7F24-41E3-921C-EF15B526FC21}.Debug|iPhoneSimulator.Deploy.0 = Debug|Any CPU
		{DC154347-7F24-41E3-921C-EF15B526FC21}.Debug|x64.ActiveCfg = Debug|Any CPU
		{DC154347-7F24-41E3-921C-EF15B526FC21}.Debug|x64.Build.0 = Debug|Any CPU
		{DC154347-7F24-41E3-921C-EF15B526FC21}.Debug|x64.Deploy.0 = Debug|Any CPU
		{DC154347-7F24-41E3-921C-EF15B526FC21}.Debug|x86.ActiveCfg = Debug|Any CPU
		{DC154347-7F24-41E3-921C-EF15B526FC21}.Debug|x86.Build.0 = Debug|Any CPU
		{DC154347-7F24-41E3-921C-EF15B526FC21}.Debug|x86.Deploy.0 = Debug|Any CPU
		{DC154347-7F24-41E3-921C-EF15B526FC21}.Release|Any CPU.ActiveCfg = Release|Any CPU
		{DC154347-7F24-41E3-921C-EF15B526FC21}.Release|Any CPU.Build.0 = Release|Any CPU
		{DC154347-7F24-41E3-921C-EF15B526FC21}.Release|Any CPU.Deploy.0 = Release|Any CPU
		{DC154347-7F24-41E3-921C-EF15B526FC21}.Release|ARM.ActiveCfg = Release|Any CPU
		{DC154347-7F24-41E3-921C-EF15B526FC21}.Release|ARM.Build.0 = Release|Any CPU
		{DC154347-7F24-41E3-921C-EF15B526FC21}.Release|ARM.Deploy.0 = Release|Any CPU
		{DC154347-7F24-41E3-921C-EF15B526FC21}.Release|iPhone.ActiveCfg = Release|Any CPU
		{DC154347-7F24-41E3-921C-EF15B526FC21}.Release|iPhone.Build.0 = Release|Any CPU
		{DC154347-7F24-41E3-921C-EF15B526FC21}.Release|iPhone.Deploy.0 = Release|Any CPU
		{DC154347-7F24-41E3-921C-EF15B526FC21}.Release|iPhoneSimulator.ActiveCfg = Release|Any CPU
		{DC154347-7F24-41E3-921C-EF15B526FC21}.Release|iPhoneSimulator.Build.0 = Release|Any CPU
		{DC154347-7F24-41E3-921C-EF15B526FC21}.Release|iPhoneSimulator.Deploy.0 = Release|Any CPU
		{DC154347-7F24-41E3-921C-EF15B526FC21}.Release|x64.ActiveCfg = Release|Any CPU
		{DC154347-7F24-41E3-921C-EF15B526FC21}.Release|x64.Build.0 = Release|Any CPU
		{DC154347-7F24-41E3-921C-EF15B526FC21}.Release|x64.Deploy.0 = Release|Any CPU
		{DC154347-7F24-41E3-921C-EF15B526FC21}.Release|x86.ActiveCfg = Release|Any CPU
		{DC154347-7F24-41E3-921C-EF15B526FC21}.Release|x86.Build.0 = Release|Any CPU
		{DC154347-7F24-41E3-921C-EF15B526FC21}.Release|x86.Deploy.0 = Release|Any CPU
		{E6C1EA4A-1EF5-4976-BD61-50E366DB3C24}.Ad-Hoc|Any CPU.ActiveCfg = Release|Any CPU
		{E6C1EA4A-1EF5-4976-BD61-50E366DB3C24}.Ad-Hoc|Any CPU.Build.0 = Release|Any CPU
		{E6C1EA4A-1EF5-4976-BD61-50E366DB3C24}.Ad-Hoc|ARM.ActiveCfg = Release|Any CPU
		{E6C1EA4A-1EF5-4976-BD61-50E366DB3C24}.Ad-Hoc|ARM.Build.0 = Release|Any CPU
		{E6C1EA4A-1EF5-4976-BD61-50E366DB3C24}.Ad-Hoc|iPhone.ActiveCfg = Release|Any CPU
		{E6C1EA4A-1EF5-4976-BD61-50E366DB3C24}.Ad-Hoc|iPhone.Build.0 = Release|Any CPU
		{E6C1EA4A-1EF5-4976-BD61-50E366DB3C24}.Ad-Hoc|iPhoneSimulator.ActiveCfg = Release|Any CPU
		{E6C1EA4A-1EF5-4976-BD61-50E366DB3C24}.Ad-Hoc|iPhoneSimulator.Build.0 = Release|Any CPU
		{E6C1EA4A-1EF5-4976-BD61-50E366DB3C24}.Ad-Hoc|x64.ActiveCfg = Release|Any CPU
		{E6C1EA4A-1EF5-4976-BD61-50E366DB3C24}.Ad-Hoc|x64.Build.0 = Release|Any CPU
		{E6C1EA4A-1EF5-4976-BD61-50E366DB3C24}.Ad-Hoc|x86.ActiveCfg = Release|Any CPU
		{E6C1EA4A-1EF5-4976-BD61-50E366DB3C24}.Ad-Hoc|x86.Build.0 = Release|Any CPU
		{E6C1EA4A-1EF5-4976-BD61-50E366DB3C24}.AppStore|Any CPU.ActiveCfg = Release|Any CPU
		{E6C1EA4A-1EF5-4976-BD61-50E366DB3C24}.AppStore|Any CPU.Build.0 = Release|Any CPU
		{E6C1EA4A-1EF5-4976-BD61-50E366DB3C24}.AppStore|ARM.ActiveCfg = Release|Any CPU
		{E6C1EA4A-1EF5-4976-BD61-50E366DB3C24}.AppStore|ARM.Build.0 = Release|Any CPU
		{E6C1EA4A-1EF5-4976-BD61-50E366DB3C24}.AppStore|iPhone.ActiveCfg = Release|Any CPU
		{E6C1EA4A-1EF5-4976-BD61-50E366DB3C24}.AppStore|iPhone.Build.0 = Release|Any CPU
		{E6C1EA4A-1EF5-4976-BD61-50E366DB3C24}.AppStore|iPhoneSimulator.ActiveCfg = Release|Any CPU
		{E6C1EA4A-1EF5-4976-BD61-50E366DB3C24}.AppStore|iPhoneSimulator.Build.0 = Release|Any CPU
		{E6C1EA4A-1EF5-4976-BD61-50E366DB3C24}.AppStore|x64.ActiveCfg = Release|Any CPU
		{E6C1EA4A-1EF5-4976-BD61-50E366DB3C24}.AppStore|x64.Build.0 = Release|Any CPU
		{E6C1EA4A-1EF5-4976-BD61-50E366DB3C24}.AppStore|x86.ActiveCfg = Release|Any CPU
		{E6C1EA4A-1EF5-4976-BD61-50E366DB3C24}.AppStore|x86.Build.0 = Release|Any CPU
		{E6C1EA4A-1EF5-4976-BD61-50E366DB3C24}.Debug|Any CPU.ActiveCfg = Debug|Any CPU
		{E6C1EA4A-1EF5-4976-BD61-50E366DB3C24}.Debug|Any CPU.Build.0 = Debug|Any CPU
		{E6C1EA4A-1EF5-4976-BD61-50E366DB3C24}.Debug|ARM.ActiveCfg = Debug|Any CPU
		{E6C1EA4A-1EF5-4976-BD61-50E366DB3C24}.Debug|ARM.Build.0 = Debug|Any CPU
		{E6C1EA4A-1EF5-4976-BD61-50E366DB3C24}.Debug|iPhone.ActiveCfg = Debug|Any CPU
		{E6C1EA4A-1EF5-4976-BD61-50E366DB3C24}.Debug|iPhone.Build.0 = Debug|Any CPU
		{E6C1EA4A-1EF5-4976-BD61-50E366DB3C24}.Debug|iPhoneSimulator.ActiveCfg = Debug|Any CPU
		{E6C1EA4A-1EF5-4976-BD61-50E366DB3C24}.Debug|iPhoneSimulator.Build.0 = Debug|Any CPU
		{E6C1EA4A-1EF5-4976-BD61-50E366DB3C24}.Debug|x64.ActiveCfg = Debug|Any CPU
		{E6C1EA4A-1EF5-4976-BD61-50E366DB3C24}.Debug|x64.Build.0 = Debug|Any CPU
		{E6C1EA4A-1EF5-4976-BD61-50E366DB3C24}.Debug|x86.ActiveCfg = Debug|Any CPU
		{E6C1EA4A-1EF5-4976-BD61-50E366DB3C24}.Debug|x86.Build.0 = Debug|Any CPU
		{E6C1EA4A-1EF5-4976-BD61-50E366DB3C24}.Release|Any CPU.ActiveCfg = Release|Any CPU
		{E6C1EA4A-1EF5-4976-BD61-50E366DB3C24}.Release|Any CPU.Build.0 = Release|Any CPU
		{E6C1EA4A-1EF5-4976-BD61-50E366DB3C24}.Release|ARM.ActiveCfg = Release|Any CPU
		{E6C1EA4A-1EF5-4976-BD61-50E366DB3C24}.Release|ARM.Build.0 = Release|Any CPU
		{E6C1EA4A-1EF5-4976-BD61-50E366DB3C24}.Release|iPhone.ActiveCfg = Release|Any CPU
		{E6C1EA4A-1EF5-4976-BD61-50E366DB3C24}.Release|iPhone.Build.0 = Release|Any CPU
		{E6C1EA4A-1EF5-4976-BD61-50E366DB3C24}.Release|iPhoneSimulator.ActiveCfg = Release|Any CPU
		{E6C1EA4A-1EF5-4976-BD61-50E366DB3C24}.Release|iPhoneSimulator.Build.0 = Release|Any CPU
		{E6C1EA4A-1EF5-4976-BD61-50E366DB3C24}.Release|x64.ActiveCfg = Release|Any CPU
		{E6C1EA4A-1EF5-4976-BD61-50E366DB3C24}.Release|x64.Build.0 = Release|Any CPU
		{E6C1EA4A-1EF5-4976-BD61-50E366DB3C24}.Release|x86.ActiveCfg = Release|Any CPU
		{E6C1EA4A-1EF5-4976-BD61-50E366DB3C24}.Release|x86.Build.0 = Release|Any CPU
		{37F3BDD0-F052-4F0E-8E14-BBA7A52907CF}.Ad-Hoc|Any CPU.ActiveCfg = Release|x86
		{37F3BDD0-F052-4F0E-8E14-BBA7A52907CF}.Ad-Hoc|Any CPU.Build.0 = Release|x86
		{37F3BDD0-F052-4F0E-8E14-BBA7A52907CF}.Ad-Hoc|Any CPU.Deploy.0 = Release|x86
		{37F3BDD0-F052-4F0E-8E14-BBA7A52907CF}.Ad-Hoc|ARM.ActiveCfg = Release|ARM
		{37F3BDD0-F052-4F0E-8E14-BBA7A52907CF}.Ad-Hoc|ARM.Build.0 = Release|ARM
		{37F3BDD0-F052-4F0E-8E14-BBA7A52907CF}.Ad-Hoc|ARM.Deploy.0 = Release|ARM
		{37F3BDD0-F052-4F0E-8E14-BBA7A52907CF}.Ad-Hoc|iPhone.ActiveCfg = Release|x86
		{37F3BDD0-F052-4F0E-8E14-BBA7A52907CF}.Ad-Hoc|iPhone.Build.0 = Release|x86
		{37F3BDD0-F052-4F0E-8E14-BBA7A52907CF}.Ad-Hoc|iPhone.Deploy.0 = Release|x86
		{37F3BDD0-F052-4F0E-8E14-BBA7A52907CF}.Ad-Hoc|iPhoneSimulator.ActiveCfg = Release|x86
		{37F3BDD0-F052-4F0E-8E14-BBA7A52907CF}.Ad-Hoc|iPhoneSimulator.Build.0 = Release|x86
		{37F3BDD0-F052-4F0E-8E14-BBA7A52907CF}.Ad-Hoc|iPhoneSimulator.Deploy.0 = Release|x86
		{37F3BDD0-F052-4F0E-8E14-BBA7A52907CF}.Ad-Hoc|x64.ActiveCfg = Release|x64
		{37F3BDD0-F052-4F0E-8E14-BBA7A52907CF}.Ad-Hoc|x64.Build.0 = Release|x64
		{37F3BDD0-F052-4F0E-8E14-BBA7A52907CF}.Ad-Hoc|x64.Deploy.0 = Release|x64
		{37F3BDD0-F052-4F0E-8E14-BBA7A52907CF}.Ad-Hoc|x86.ActiveCfg = Release|x86
		{37F3BDD0-F052-4F0E-8E14-BBA7A52907CF}.Ad-Hoc|x86.Build.0 = Release|x86
		{37F3BDD0-F052-4F0E-8E14-BBA7A52907CF}.Ad-Hoc|x86.Deploy.0 = Release|x86
		{37F3BDD0-F052-4F0E-8E14-BBA7A52907CF}.AppStore|Any CPU.ActiveCfg = Release|x86
		{37F3BDD0-F052-4F0E-8E14-BBA7A52907CF}.AppStore|Any CPU.Build.0 = Release|x86
		{37F3BDD0-F052-4F0E-8E14-BBA7A52907CF}.AppStore|Any CPU.Deploy.0 = Release|x86
		{37F3BDD0-F052-4F0E-8E14-BBA7A52907CF}.AppStore|ARM.ActiveCfg = Release|ARM
		{37F3BDD0-F052-4F0E-8E14-BBA7A52907CF}.AppStore|ARM.Build.0 = Release|ARM
		{37F3BDD0-F052-4F0E-8E14-BBA7A52907CF}.AppStore|ARM.Deploy.0 = Release|ARM
		{37F3BDD0-F052-4F0E-8E14-BBA7A52907CF}.AppStore|iPhone.ActiveCfg = Release|x86
		{37F3BDD0-F052-4F0E-8E14-BBA7A52907CF}.AppStore|iPhone.Build.0 = Release|x86
		{37F3BDD0-F052-4F0E-8E14-BBA7A52907CF}.AppStore|iPhone.Deploy.0 = Release|x86
		{37F3BDD0-F052-4F0E-8E14-BBA7A52907CF}.AppStore|iPhoneSimulator.ActiveCfg = Release|x86
		{37F3BDD0-F052-4F0E-8E14-BBA7A52907CF}.AppStore|iPhoneSimulator.Build.0 = Release|x86
		{37F3BDD0-F052-4F0E-8E14-BBA7A52907CF}.AppStore|iPhoneSimulator.Deploy.0 = Release|x86
		{37F3BDD0-F052-4F0E-8E14-BBA7A52907CF}.AppStore|x64.ActiveCfg = Release|x64
		{37F3BDD0-F052-4F0E-8E14-BBA7A52907CF}.AppStore|x64.Build.0 = Release|x64
		{37F3BDD0-F052-4F0E-8E14-BBA7A52907CF}.AppStore|x64.Deploy.0 = Release|x64
		{37F3BDD0-F052-4F0E-8E14-BBA7A52907CF}.AppStore|x86.ActiveCfg = Release|x86
		{37F3BDD0-F052-4F0E-8E14-BBA7A52907CF}.AppStore|x86.Build.0 = Release|x86
		{37F3BDD0-F052-4F0E-8E14-BBA7A52907CF}.AppStore|x86.Deploy.0 = Release|x86
		{37F3BDD0-F052-4F0E-8E14-BBA7A52907CF}.Debug|Any CPU.ActiveCfg = Debug|x86
		{37F3BDD0-F052-4F0E-8E14-BBA7A52907CF}.Debug|ARM.ActiveCfg = Debug|ARM
		{37F3BDD0-F052-4F0E-8E14-BBA7A52907CF}.Debug|ARM.Build.0 = Debug|ARM
		{37F3BDD0-F052-4F0E-8E14-BBA7A52907CF}.Debug|ARM.Deploy.0 = Debug|ARM
		{37F3BDD0-F052-4F0E-8E14-BBA7A52907CF}.Debug|iPhone.ActiveCfg = Debug|x86
		{37F3BDD0-F052-4F0E-8E14-BBA7A52907CF}.Debug|iPhoneSimulator.ActiveCfg = Debug|x86
		{37F3BDD0-F052-4F0E-8E14-BBA7A52907CF}.Debug|x64.ActiveCfg = Debug|x64
		{37F3BDD0-F052-4F0E-8E14-BBA7A52907CF}.Debug|x64.Build.0 = Debug|x64
		{37F3BDD0-F052-4F0E-8E14-BBA7A52907CF}.Debug|x64.Deploy.0 = Debug|x64
		{37F3BDD0-F052-4F0E-8E14-BBA7A52907CF}.Debug|x86.ActiveCfg = Debug|x86
		{37F3BDD0-F052-4F0E-8E14-BBA7A52907CF}.Debug|x86.Build.0 = Debug|x86
		{37F3BDD0-F052-4F0E-8E14-BBA7A52907CF}.Debug|x86.Deploy.0 = Debug|x86
		{37F3BDD0-F052-4F0E-8E14-BBA7A52907CF}.Release|Any CPU.ActiveCfg = Release|x86
		{37F3BDD0-F052-4F0E-8E14-BBA7A52907CF}.Release|ARM.ActiveCfg = Release|ARM
		{37F3BDD0-F052-4F0E-8E14-BBA7A52907CF}.Release|ARM.Build.0 = Release|ARM
		{37F3BDD0-F052-4F0E-8E14-BBA7A52907CF}.Release|ARM.Deploy.0 = Release|ARM
		{37F3BDD0-F052-4F0E-8E14-BBA7A52907CF}.Release|iPhone.ActiveCfg = Release|x86
		{37F3BDD0-F052-4F0E-8E14-BBA7A52907CF}.Release|iPhoneSimulator.ActiveCfg = Release|x86
		{37F3BDD0-F052-4F0E-8E14-BBA7A52907CF}.Release|x64.ActiveCfg = Release|x64
		{37F3BDD0-F052-4F0E-8E14-BBA7A52907CF}.Release|x64.Build.0 = Release|x64
		{37F3BDD0-F052-4F0E-8E14-BBA7A52907CF}.Release|x64.Deploy.0 = Release|x64
		{37F3BDD0-F052-4F0E-8E14-BBA7A52907CF}.Release|x86.ActiveCfg = Release|x86
		{37F3BDD0-F052-4F0E-8E14-BBA7A52907CF}.Release|x86.Build.0 = Release|x86
		{37F3BDD0-F052-4F0E-8E14-BBA7A52907CF}.Release|x86.Deploy.0 = Release|x86
		{E8BA1BCB-6F12-42EA-8DE1-0BA67E8E5627}.Ad-Hoc|Any CPU.ActiveCfg = Ad-Hoc|iPhoneSimulator
		{E8BA1BCB-6F12-42EA-8DE1-0BA67E8E5627}.Ad-Hoc|ARM.ActiveCfg = Ad-Hoc|iPhone
		{E8BA1BCB-6F12-42EA-8DE1-0BA67E8E5627}.Ad-Hoc|iPhone.ActiveCfg = Ad-Hoc|iPhone
		{E8BA1BCB-6F12-42EA-8DE1-0BA67E8E5627}.Ad-Hoc|iPhone.Build.0 = Ad-Hoc|iPhone
		{E8BA1BCB-6F12-42EA-8DE1-0BA67E8E5627}.Ad-Hoc|iPhoneSimulator.ActiveCfg = Ad-Hoc|iPhoneSimulator
		{E8BA1BCB-6F12-42EA-8DE1-0BA67E8E5627}.Ad-Hoc|iPhoneSimulator.Build.0 = Ad-Hoc|iPhoneSimulator
		{E8BA1BCB-6F12-42EA-8DE1-0BA67E8E5627}.Ad-Hoc|x64.ActiveCfg = Ad-Hoc|iPhone
		{E8BA1BCB-6F12-42EA-8DE1-0BA67E8E5627}.Ad-Hoc|x86.ActiveCfg = Ad-Hoc|iPhone
		{E8BA1BCB-6F12-42EA-8DE1-0BA67E8E5627}.AppStore|Any CPU.ActiveCfg = AppStore|iPhoneSimulator
		{E8BA1BCB-6F12-42EA-8DE1-0BA67E8E5627}.AppStore|ARM.ActiveCfg = AppStore|iPhone
		{E8BA1BCB-6F12-42EA-8DE1-0BA67E8E5627}.AppStore|iPhone.ActiveCfg = AppStore|iPhone
		{E8BA1BCB-6F12-42EA-8DE1-0BA67E8E5627}.AppStore|iPhone.Build.0 = AppStore|iPhone
		{E8BA1BCB-6F12-42EA-8DE1-0BA67E8E5627}.AppStore|iPhoneSimulator.ActiveCfg = AppStore|iPhoneSimulator
		{E8BA1BCB-6F12-42EA-8DE1-0BA67E8E5627}.AppStore|iPhoneSimulator.Build.0 = AppStore|iPhoneSimulator
		{E8BA1BCB-6F12-42EA-8DE1-0BA67E8E5627}.AppStore|x64.ActiveCfg = AppStore|iPhone
		{E8BA1BCB-6F12-42EA-8DE1-0BA67E8E5627}.AppStore|x86.ActiveCfg = AppStore|iPhone
		{E8BA1BCB-6F12-42EA-8DE1-0BA67E8E5627}.Debug|Any CPU.ActiveCfg = Debug|iPhoneSimulator
		{E8BA1BCB-6F12-42EA-8DE1-0BA67E8E5627}.Debug|ARM.ActiveCfg = Debug|iPhone
		{E8BA1BCB-6F12-42EA-8DE1-0BA67E8E5627}.Debug|iPhone.ActiveCfg = Debug|iPhone
		{E8BA1BCB-6F12-42EA-8DE1-0BA67E8E5627}.Debug|iPhone.Build.0 = Debug|iPhone
		{E8BA1BCB-6F12-42EA-8DE1-0BA67E8E5627}.Debug|iPhoneSimulator.ActiveCfg = Debug|iPhoneSimulator
		{E8BA1BCB-6F12-42EA-8DE1-0BA67E8E5627}.Debug|iPhoneSimulator.Build.0 = Debug|iPhoneSimulator
		{E8BA1BCB-6F12-42EA-8DE1-0BA67E8E5627}.Debug|x64.ActiveCfg = Debug|iPhone
		{E8BA1BCB-6F12-42EA-8DE1-0BA67E8E5627}.Debug|x86.ActiveCfg = Debug|iPhone
		{E8BA1BCB-6F12-42EA-8DE1-0BA67E8E5627}.Release|Any CPU.ActiveCfg = Release|iPhoneSimulator
		{E8BA1BCB-6F12-42EA-8DE1-0BA67E8E5627}.Release|ARM.ActiveCfg = Release|iPhone
		{E8BA1BCB-6F12-42EA-8DE1-0BA67E8E5627}.Release|iPhone.ActiveCfg = Release|iPhone
		{E8BA1BCB-6F12-42EA-8DE1-0BA67E8E5627}.Release|iPhone.Build.0 = Release|iPhone
		{E8BA1BCB-6F12-42EA-8DE1-0BA67E8E5627}.Release|iPhoneSimulator.ActiveCfg = Release|iPhoneSimulator
		{E8BA1BCB-6F12-42EA-8DE1-0BA67E8E5627}.Release|iPhoneSimulator.Build.0 = Release|iPhoneSimulator
		{E8BA1BCB-6F12-42EA-8DE1-0BA67E8E5627}.Release|x64.ActiveCfg = Release|iPhone
		{E8BA1BCB-6F12-42EA-8DE1-0BA67E8E5627}.Release|x86.ActiveCfg = Release|iPhone
	EndGlobalSection
	GlobalSection(SolutionProperties) = preSolution
		HideSolutionNode = FALSE
	EndGlobalSection
	GlobalSection(ExtensibilityGlobals) = postSolution
		SolutionGuid = {467BFC9C-3B13-4A9F-82EB-930996015AED}
	EndGlobalSection
EndGlobal
